
Microsoft Visual Studio Solution File, Format Version 12.00
# Visual Studio Version 16
VisualStudioVersion = 16.0.31410.357
MinimumVisualStudioVersion = 10.0.40219.1
Project("{FAE04EC0-301F-11D3-BF4B-00C04F79EFBC}") = "ProyectoAthlantis", "ProyectoAthlantis\ProyectoAthlantis.csproj", "{6A6DAC87-3142-4F4B-9BE7-41FD17A00AE1}"
EndProject
Global
	GlobalSection(SolutionConfigurationPlatforms) = preSolution
		Debug|Any CPU = Debug|Any CPU
		Release|Any CPU = Release|Any CPU
	EndGlobalSection
	GlobalSection(ProjectConfigurationPlatforms) = postSolution
		{6A6DAC87-3142-4F4B-9BE7-41FD17A00AE1}.Debug|Any CPU.ActiveCfg = Debug|Any CPU
		{6A6DAC87-3142-4F4B-9BE7-41FD17A00AE1}.Debug|Any CPU.Build.0 = Debug|Any CPU
		{6A6DAC87-3142-4F4B-9BE7-41FD17A00AE1}.Release|Any CPU.ActiveCfg = Release|Any CPU
		{6A6DAC87-3142-4F4B-9BE7-41FD17A00AE1}.Release|Any CPU.Build.0 = Release|Any CPU
	EndGlobalSection
	GlobalSection(SolutionProperties) = preSolution
		HideSolutionNode = FALSE
	EndGlobalSection
	GlobalSection(ExtensibilityGlobals) = postSolution
		SolutionGuid = {BB4D8586-2F02-4F20-A75E-E3EDCEFE55A4}
	EndGlobalSection
EndGlobal
